
Microsoft Visual Studio Solution File, Format Version 12.00
# Visual Studio Version 16
VisualStudioVersion = 16.0.29102.190
MinimumVisualStudioVersion = 10.0.40219.1
Project("{9A19103F-16F7-4668-BE54-9A1E7A4F7556}") = "OriginalCoder.Common", "OriginalCoder.Common\OriginalCoder.Common.csproj", "{BFE75049-FCC0-49FA-A781-8655455C5F52}"
EndProject
Project("{9A19103F-16F7-4668-BE54-9A1E7A4F7556}") = "OriginalCoder.Data", "OriginalCoder.Data\OriginalCoder.Data.csproj", "{D4272170-44E5-4501-9ED9-4098203F29C8}"
EndProject
Global
	GlobalSection(SolutionConfigurationPlatforms) = preSolution
		Debug|Any CPU = Debug|Any CPU
		Release|Any CPU = Release|Any CPU
	EndGlobalSection
	GlobalSection(ProjectConfigurationPlatforms) = postSolution
		{BFE75049-FCC0-49FA-A781-8655455C5F52}.Debug|Any CPU.ActiveCfg = Debug|Any CPU
		{BFE75049-FCC0-49FA-A781-8655455C5F52}.Debug|Any CPU.Build.0 = Debug|Any CPU
		{BFE75049-FCC0-49FA-A781-8655455C5F52}.Release|Any CPU.ActiveCfg = Release|Any CPU
		{BFE75049-FCC0-49FA-A781-8655455C5F52}.Release|Any CPU.Build.0 = Release|Any CPU
		{D4272170-44E5-4501-9ED9-4098203F29C8}.Debug|Any CPU.ActiveCfg = Debug|Any CPU
		{D4272170-44E5-4501-9ED9-4098203F29C8}.Debug|Any CPU.Build.0 = Debug|Any CPU
		{D4272170-44E5-4501-9ED9-4098203F29C8}.Release|Any CPU.ActiveCfg = Release|Any CPU
		{D4272170-44E5-4501-9ED9-4098203F29C8}.Release|Any CPU.Build.0 = Release|Any CPU
	EndGlobalSection
	GlobalSection(SolutionProperties) = preSolution
		HideSolutionNode = FALSE
	EndGlobalSection
	GlobalSection(ExtensibilityGlobals) = postSolution
		SolutionGuid = {0BDEA50C-0A02-46DA-A2F0-819C79124BFF}
	EndGlobalSection
EndGlobal
